
Microsoft Visual Studio Solution File, Format Version 12.00
# Visual Studio 15
VisualStudioVersion = 15.0.28307.271
MinimumVisualStudioVersion = 10.0.40219.1
Project("{FAE04EC0-301F-11D3-BF4B-00C04F79EFBC}") = "P411", "P411\P411.csproj", "{04344591-ADA9-4240-A7DE-43A3056E8F73}"
EndProject
Project("{FAE04EC0-301F-11D3-BF4B-00C04F79EFBC}") = "P616", "P616\P616.csproj", "{1134052B-829A-4558-92E9-F8690F19CA60}"
EndProject
Project("{FAE04EC0-301F-11D3-BF4B-00C04F79EFBC}") = "P730", "P730\P730.csproj", "{FDCFF7FE-0C3D-464E-A4F7-25D053327A7F}"
EndProject
Project("{FAE04EC0-301F-11D3-BF4B-00C04F79EFBC}") = "P739", "P739\P739.csproj", "{91EB009D-A4EE-44DB-84CC-73A5E295EBCC}"
EndProject
Global
	GlobalSection(SolutionConfigurationPlatforms) = preSolution
		Debug|Any CPU = Debug|Any CPU
		Release|Any CPU = Release|Any CPU
	EndGlobalSection
	GlobalSection(ProjectConfigurationPlatforms) = postSolution
		{04344591-ADA9-4240-A7DE-43A3056E8F73}.Debug|Any CPU.ActiveCfg = Debug|Any CPU
		{04344591-ADA9-4240-A7DE-43A3056E8F73}.Debug|Any CPU.Build.0 = Debug|Any CPU
		{04344591-ADA9-4240-A7DE-43A3056E8F73}.Release|Any CPU.ActiveCfg = Release|Any CPU
		{04344591-ADA9-4240-A7DE-43A3056E8F73}.Release|Any CPU.Build.0 = Release|Any CPU
		{1134052B-829A-4558-92E9-F8690F19CA60}.Debug|Any CPU.ActiveCfg = Debug|Any CPU
		{1134052B-829A-4558-92E9-F8690F19CA60}.Debug|Any CPU.Build.0 = Debug|Any CPU
		{1134052B-829A-4558-92E9-F8690F19CA60}.Release|Any CPU.ActiveCfg = Release|Any CPU
		{1134052B-829A-4558-92E9-F8690F19CA60}.Release|Any CPU.Build.0 = Release|Any CPU
		{FDCFF7FE-0C3D-464E-A4F7-25D053327A7F}.Debug|Any CPU.ActiveCfg = Debug|Any CPU
		{FDCFF7FE-0C3D-464E-A4F7-25D053327A7F}.Debug|Any CPU.Build.0 = Debug|Any CPU
		{FDCFF7FE-0C3D-464E-A4F7-25D053327A7F}.Release|Any CPU.ActiveCfg = Release|Any CPU
		{FDCFF7FE-0C3D-464E-A4F7-25D053327A7F}.Release|Any CPU.Build.0 = Release|Any CPU
		{91EB009D-A4EE-44DB-84CC-73A5E295EBCC}.Debug|Any CPU.ActiveCfg = Debug|Any CPU
		{91EB009D-A4EE-44DB-84CC-73A5E295EBCC}.Debug|Any CPU.Build.0 = Debug|Any CPU
		{91EB009D-A4EE-44DB-84CC-73A5E295EBCC}.Release|Any CPU.ActiveCfg = Release|Any CPU
		{91EB009D-A4EE-44DB-84CC-73A5E295EBCC}.Release|Any CPU.Build.0 = Release|Any CPU
	EndGlobalSection
	GlobalSection(SolutionProperties) = preSolution
		HideSolutionNode = FALSE
	EndGlobalSection
	GlobalSection(ExtensibilityGlobals) = postSolution
		SolutionGuid = {EE105FA0-B3B4-4930-BD2C-A42E91F38B3A}
	EndGlobalSection
EndGlobal
